
Microsoft Visual Studio Solution File, Format Version 12.00
# Visual Studio 15
VisualStudioVersion = 15.0.28010.2041
MinimumVisualStudioVersion = 10.0.40219.1
Project("{FAE04EC0-301F-11D3-BF4B-00C04F79EFBC}") = "KBSaveReorganization", "KBSaveReorganization.csproj", "{09F02B37-83C7-4EEF-847C-2441A0FF73D7}"
EndProject
Global
	GlobalSection(SolutionConfigurationPlatforms) = preSolution
		Debug|Any CPU = Debug|Any CPU
		Release|Any CPU = Release|Any CPU
	EndGlobalSection
	GlobalSection(ProjectConfigurationPlatforms) = postSolution
		{09F02B37-83C7-4EEF-847C-2441A0FF73D7}.Debug|Any CPU.ActiveCfg = Debug|Any CPU
		{09F02B37-83C7-4EEF-847C-2441A0FF73D7}.Debug|Any CPU.Build.0 = Debug|Any CPU
		{09F02B37-83C7-4EEF-847C-2441A0FF73D7}.Release|Any CPU.ActiveCfg = Release|Any CPU
		{09F02B37-83C7-4EEF-847C-2441A0FF73D7}.Release|Any CPU.Build.0 = Release|Any CPU
	EndGlobalSection
	GlobalSection(SolutionProperties) = preSolution
		HideSolutionNode = FALSE
	EndGlobalSection
	GlobalSection(ExtensibilityGlobals) = postSolution
		SolutionGuid = {10903461-200B-46E4-996D-79E2F4E1B676}
	EndGlobalSection
EndGlobal
